
Microsoft Visual Studio Solution File, Format Version 12.00
# Visual Studio Version 17
VisualStudioVersion = 17.10.34928.147
MinimumVisualStudioVersion = 10.0.40219.1
Project("{FAE04EC0-301F-11D3-BF4B-00C04F79EFBC}") = "Parking System", "Parking System\Parking System.csproj", "{C1A66423-F6E6-4945-805B-AEAF0922AAF6}"
EndProject
Global
	GlobalSection(SolutionConfigurationPlatforms) = preSolution
		Debug|Any CPU = Debug|Any CPU
		Release|Any CPU = Release|Any CPU
	EndGlobalSection
	GlobalSection(ProjectConfigurationPlatforms) = postSolution
		{C1A66423-F6E6-4945-805B-AEAF0922AAF6}.Debug|Any CPU.ActiveCfg = Debug|Any CPU
		{C1A66423-F6E6-4945-805B-AEAF0922AAF6}.Debug|Any CPU.Build.0 = Debug|Any CPU
		{C1A66423-F6E6-4945-805B-AEAF0922AAF6}.Release|Any CPU.ActiveCfg = Release|Any CPU
		{C1A66423-F6E6-4945-805B-AEAF0922AAF6}.Release|Any CPU.Build.0 = Release|Any CPU
	EndGlobalSection
	GlobalSection(SolutionProperties) = preSolution
		HideSolutionNode = FALSE
	EndGlobalSection
	GlobalSection(ExtensibilityGlobals) = postSolution
		SolutionGuid = {509A46A1-BA2A-4204-8ED3-496295B1F265}
	EndGlobalSection
EndGlobal
